
Microsoft Visual Studio Solution File, Format Version 12.00
# Visual Studio Version 17
VisualStudioVersion = 17.4.33213.308
MinimumVisualStudioVersion = 10.0.40219.1
Project("{FAE04EC0-301F-11D3-BF4B-00C04F79EFBC}") = "RestClientExample", "RestClientExample\RestClientExample.csproj", "{5711F104-2C86-46D7-B357-5668403A3318}"
EndProject
Global
	GlobalSection(SolutionConfigurationPlatforms) = preSolution
		Debug|Any CPU = Debug|Any CPU
		Release|Any CPU = Release|Any CPU
	EndGlobalSection
	GlobalSection(ProjectConfigurationPlatforms) = postSolution
		{5711F104-2C86-46D7-B357-5668403A3318}.Debug|Any CPU.ActiveCfg = Debug|Any CPU
		{5711F104-2C86-46D7-B357-5668403A3318}.Debug|Any CPU.Build.0 = Debug|Any CPU
		{5711F104-2C86-46D7-B357-5668403A3318}.Release|Any CPU.ActiveCfg = Release|Any CPU
		{5711F104-2C86-46D7-B357-5668403A3318}.Release|Any CPU.Build.0 = Release|Any CPU
	EndGlobalSection
	GlobalSection(SolutionProperties) = preSolution
		HideSolutionNode = FALSE
	EndGlobalSection
	GlobalSection(ExtensibilityGlobals) = postSolution
		SolutionGuid = {E69B83F7-F5EE-45CB-A062-C27514FE5FAC}
	EndGlobalSection
EndGlobal
